<?xml version="1.0" encoding="utf-8"?>
<Project ToolsVersion="4.0" xmlns="http://schemas.microsoft.com/developer/msbuild/2003">
  <ItemGroup>
    <Filter Include="ソース ファイル">
      <UniqueIdentifier>{4FC737F1-C7A5-4376-A066-2A32D752A2FF}</UniqueIdentifier>
      <Extensions>cpp;c;cc;cxx;def;odl;idl;hpj;bat;asm;asmx</Extensions>
    </Filter>
    <Filter Include="ヘッダー ファイル">
      <UniqueIdentifier>{93995380-89BD-4b04-88EB-625FBE52EBFB}</UniqueIdentifier>
      <Extensions>h;hh;hpp;hxx;hm;inl;inc;ipp;xsd</Extensions>
    </Filter>
    <Filter Include="リソース ファイル">
      <UniqueIdentifier>{67DA6AB6-F800-4c08-8B7A-83BB121AAD01}</UniqueIdentifier>
      <Extensions>rc;ico;cur;bmp;dlg;rc2;rct;bin;rgs;gif;jpg;jpeg;jpe;resx;tiff;tif;png;wav;mfcribbon-ms</Extensions>
    </Filter>
    <Filter Include="ヘッダー ファイル\Game">
      <UniqueIdentifier>{2387e581-8051-4baa-b762-7f2135b169cf}</UniqueIdentifier>
    </Filter>
    <Filter Include="ソース ファイル\Game">
      <UniqueIdentifier>{ba1c4bbc-0d85-4ba8-894b-05299ee76efb}</UniqueIdentifier>
    </Filter>
    <Filter Include="ソース ファイル\Other">
      <UniqueIdentifier>{fa5a18a9-668e-464c-bd27-48093d64dc5f}</UniqueIdentifier>
    </Filter>
    <Filter Include="ヘッダー ファイル\Other">
      <UniqueIdentifier>{1120503b-64c3-4f01-b13b-284fd0400415}</UniqueIdentifier>
    </Filter>
  </ItemGroup>
  <ItemGroup>
    <ClCompile Include="main.cpp">
      <Filter>ソース ファイル</Filter>
    </ClCompile>
    <ClCompile Include="d3dsystem.cpp">
      <Filter>ソース ファイル</Filter>
    </ClCompile>
    <ClCompile Include="texture.cpp">
      <Filter>ソース ファイル</Filter>
    </ClCompile>
    <ClCompile Include="Sprite.cpp">
      <Filter>ソース ファイル</Filter>
    </ClCompile>
    <ClCompile Include="system_timer.cpp">
      <Filter>ソース ファイル</Filter>
    </ClCompile>
    <ClCompile Include="debug_font.cpp">
      <Filter>ソース ファイル</Filter>
    </ClCompile>
    <ClCompile Include="input.cpp">
      <Filter>ソース ファイル</Filter>
    </ClCompile>
    <ClCompile Include="Game.cpp">
      <Filter>ソース ファイル\Game</Filter>
    </ClCompile>
    <ClCompile Include="Player.cpp">
      <Filter>ソース ファイル\Game</Filter>
    </ClCompile>
    <ClCompile Include="Bullet.cpp">
      <Filter>ソース ファイル\Game</Filter>
    </ClCompile>
    <ClCompile Include="Enemy.cpp">
      <Filter>ソース ファイル\Game</Filter>
    </ClCompile>
    <ClCompile Include="EnemySpawner.cpp">
      <Filter>ソース ファイル\Game</Filter>
    </ClCompile>
    <ClCompile Include="GameMaster.cpp">
      <Filter>ソース ファイル\Game</Filter>
    </ClCompile>
    <ClCompile Include="Effect.cpp">
      <Filter>ソース ファイル\Game</Filter>
    </ClCompile>
    <ClCompile Include="Score.cpp">
      <Filter>ソース ファイル\Game</Filter>
    </ClCompile>
    <ClCompile Include="sound.cpp">
      <Filter>ソース ファイル</Filter>
    </ClCompile>
    <ClCompile Include="Debug.cpp">
      <Filter>ソース ファイル</Filter>
    </ClCompile>
    <ClCompile Include="BackGround.cpp">
      <Filter>ソース ファイル\Game</Filter>
    </ClCompile>
    <ClCompile Include="PhaseManeger.cpp">
      <Filter>ソース ファイル\Game</Filter>
    </ClCompile>
    <ClCompile Include="Fade.cpp">
      <Filter>ソース ファイル\Game</Filter>
    </ClCompile>
    <ClCompile Include="Particle.cpp">
      <Filter>ソース ファイル\Game</Filter>
    </ClCompile>
    <ClCompile Include="Title.cpp">
      <Filter>ソース ファイル\Other</Filter>
    </ClCompile>
    <ClCompile Include="HighScore.cpp">
      <Filter>ソース ファイル\Other</Filter>
    </ClCompile>
    <ClCompile Include="SceneManeger.cpp">
      <Filter>ソース ファイル\Other</Filter>
    </ClCompile>
    <ClCompile Include="Item.cpp">
      <Filter>ソース ファイル\Game</Filter>
    </ClCompile>
    <ClCompile Include="continue.cpp">
      <Filter>ソース ファイル\Game</Filter>
    </ClCompile>
  </ItemGroup>
  <ItemGroup>
    <ClInclude Include="debug_font.h">
      <Filter>ヘッダー ファイル</Filter>
    </ClInclude>
    <ClInclude Include="common.h">
      <Filter>ヘッダー ファイル</Filter>
    </ClInclude>
    <ClInclude Include="d3dsystem.h">
      <Filter>ヘッダー ファイル</Filter>
    </ClInclude>
    <ClInclude Include="input.h">
      <Filter>ヘッダー ファイル</Filter>
    </ClInclude>
    <ClInclude Include="main.h">
      <Filter>ヘッダー ファイル</Filter>
    </ClInclude>
    <ClInclude Include="Sprite.h">
      <Filter>ヘッダー ファイル</Filter>
    </ClInclude>
    <ClInclude Include="system_timer.h">
      <Filter>ヘッダー ファイル</Filter>
    </ClInclude>
    <ClInclude Include="texture.h">
      <Filter>ヘッダー ファイル</Filter>
    </ClInclude>
    <ClInclude Include="Game.h">
      <Filter>ヘッダー ファイル\Game</Filter>
    </ClInclude>
    <ClInclude Include="Player.h">
      <Filter>ヘッダー ファイル\Game</Filter>
    </ClInclude>
    <ClInclude Include="Bullet.h">
      <Filter>ヘッダー ファイル\Game</Filter>
    </ClInclude>
    <ClInclude Include="Enemy.h">
      <Filter>ヘッダー ファイル\Game</Filter>
    </ClInclude>
    <ClInclude Include="EnemySpawner.h">
      <Filter>ヘッダー ファイル\Game</Filter>
    </ClInclude>
    <ClInclude Include="Collision.h">
      <Filter>ヘッダー ファイル\Game</Filter>
    </ClInclude>
    <ClInclude Include="GameMaster.h">
      <Filter>ヘッダー ファイル\Game</Filter>
    </ClInclude>
    <ClInclude Include="Effect.h">
      <Filter>ヘッダー ファイル\Game</Filter>
    </ClInclude>
    <ClInclude Include="score.h">
      <Filter>ヘッダー ファイル\Game</Filter>
    </ClInclude>
    <ClInclude Include="sound.h">
      <Filter>ヘッダー ファイル</Filter>
    </ClInclude>
    <ClInclude Include="Debug.h">
      <Filter>ヘッダー ファイル</Filter>
    </ClInclude>
    <ClInclude Include="BackGround.h">
      <Filter>ヘッダー ファイル\Game</Filter>
    </ClInclude>
    <ClInclude Include="PhaseManeger.h">
      <Filter>ヘッダー ファイル\Game</Filter>
    </ClInclude>
    <ClInclude Include="Fade.h">
      <Filter>ヘッダー ファイル\Game</Filter>
    </ClInclude>
    <ClInclude Include="Particle.h">
      <Filter>ヘッダー ファイル\Game</Filter>
    </ClInclude>
    <ClInclude Include="Title.h">
      <Filter>ヘッダー ファイル\Other</Filter>
    </ClInclude>
    <ClInclude Include="HighScore.h">
      <Filter>ヘッダー ファイル\Other</Filter>
    </ClInclude>
    <ClInclude Include="SceneManeger.h">
      <Filter>ヘッダー ファイル\Other</Filter>
    </ClInclude>
    <ClInclude Include="Item.h">
      <Filter>ヘッダー ファイル\Game</Filter>
    </ClInclude>
    <ClInclude Include="continue.h">
      <Filter>ヘッダー ファイル\Game</Filter>
    </ClInclude>
  </ItemGroup>
</Project>